# THIS IS AN AUTOGENERATED FILE. DO NOT EDIT THIS FILE DIRECTLY.
# yarn lockfile v1


bcryptjs@^3.0.2:
  version "3.0.3"
  resolved "https://registry.yarnpkg.com/bcryptjs/-/bcryptjs-3.0.3.tgz#4b93d6a398c48bfc9f32ee65d301174a8a8ea56f"
  integrity sha512-GlF5wPWnSa/X5LKM1o0wz0suXIINz1iHRLvTS+sLyi7XPbe5ycmYI3DlZqVGZZtDgl4DmasFg7gOB3JYbphV5g==
